
Microsoft Visual Studio Solution File, Format Version 12.00
# Visual Studio Version 17
VisualStudioVersion = 17.0.31710.8
MinimumVisualStudioVersion = 10.0.40219.1
Project("{FAE04EC0-301F-11D3-BF4B-00C04F79EFBC}") = "EmployeeManagement.Api", "EmployeeManagement.Api\EmployeeManagement.Api.csproj", "{122FA24F-C8CA-43FD-AB96-AC80C81410DF}"
EndProject
Global
	GlobalSection(SolutionConfigurationPlatforms) = preSolution
		Debug|Any CPU = Debug|Any CPU
		Release|Any CPU = Release|Any CPU
	EndGlobalSection
	GlobalSection(ProjectConfigurationPlatforms) = postSolution
		{122FA24F-C8CA-43FD-AB96-AC80C81410DF}.Debug|Any CPU.ActiveCfg = Debug|Any CPU
		{122FA24F-C8CA-43FD-AB96-AC80C81410DF}.Debug|Any CPU.Build.0 = Debug|Any CPU
		{122FA24F-C8CA-43FD-AB96-AC80C81410DF}.Release|Any CPU.ActiveCfg = Release|Any CPU
		{122FA24F-C8CA-43FD-AB96-AC80C81410DF}.Release|Any CPU.Build.0 = Release|Any CPU
	EndGlobalSection
	GlobalSection(SolutionProperties) = preSolution
		HideSolutionNode = FALSE
	EndGlobalSection
	GlobalSection(ExtensibilityGlobals) = postSolution
		SolutionGuid = {967A1409-44DE-48A7-BD95-98747F75F69E}
	EndGlobalSection
EndGlobal
